
Microsoft Visual Studio Solution File, Format Version 12.00
# Visual Studio Version 16
VisualStudioVersion = 16.0.30503.244
MinimumVisualStudioVersion = 10.0.40219.1
Project("{2150E333-8FDC-42A3-9474-1A3956D46DE8}") = "Src", "Src", "{726C9CDD-3E34-4F03-855D-2F22463D44C4}"
EndProject
Project("{2150E333-8FDC-42A3-9474-1A3956D46DE8}") = "Tests", "Tests", "{64BC9955-71E0-45E7-A67B-0AEAE6C348BA}"
EndProject
Project("{2150E333-8FDC-42A3-9474-1A3956D46DE8}") = "Docs", "Docs", "{4977D186-8146-4477-B643-7190A911617E}"
	ProjectSection(SolutionItems) = preProject
		..\README.md = ..\README.md
	EndProjectSection
EndProject
Project("{2150E333-8FDC-42A3-9474-1A3956D46DE8}") = "Solution Items", "Solution Items", "{1725A951-6BFE-415E-BFBD-ED1089084D78}"
EndProject
Project("{2150E333-8FDC-42A3-9474-1A3956D46DE8}") = "Core", "Core", "{F9B18A6F-7339-4409-9F4D-11DD7C392E99}"
EndProject
Project("{2150E333-8FDC-42A3-9474-1A3956D46DE8}") = "Infrastructure", "Infrastructure", "{11592D7A-8231-4A5C-9174-635A4BF6D7AB}"
EndProject
Project("{2150E333-8FDC-42A3-9474-1A3956D46DE8}") = "Presentation", "Presentation", "{63F7FAE8-D65A-496A-9F32-CCCA9FBB8841}"
EndProject
Project("{9A19103F-16F7-4668-BE54-9A1E7A4F7556}") = "WebAPI", "src\WebAPI\WebAPI.csproj", "{7E296C3D-D908-4746-822E-FD1F494FF634}"
EndProject
Project("{9A19103F-16F7-4668-BE54-9A1E7A4F7556}") = "Infrastructure", "src\Infrastructure\Infrastructure.csproj", "{07D26AE1-8FC1-4C76-A602-1AF414A069C4}"
EndProject
Project("{9A19103F-16F7-4668-BE54-9A1E7A4F7556}") = "Application", "src\Application\Application.csproj", "{4AA29B7E-5960-4D63-92E7-EF0018FF1D02}"
EndProject
Project("{9A19103F-16F7-4668-BE54-9A1E7A4F7556}") = "Common", "src\Common\Common.csproj", "{D31E34C8-99FC-470F-807D-D7EE4AB5E014}"
EndProject
Project("{9A19103F-16F7-4668-BE54-9A1E7A4F7556}") = "Domain", "src\Domain\Domain.csproj", "{F85F2413-9D62-425B-AAA8-E6A7E4626DE7}"
EndProject
Project("{9A19103F-16F7-4668-BE54-9A1E7A4F7556}") = "Application.UnitTests", "tests\Application.UnitTests\Application.UnitTests.csproj", "{C810CCE0-98E5-435A-BC60-17725D3D562B}"
EndProject
Project("{9A19103F-16F7-4668-BE54-9A1E7A4F7556}") = "Infrastructure.IntegrationTests", "tests\Infrastructure.IntegrationTests\Infrastructure.IntegrationTests.csproj", "{8B3A8EFD-86C3-46BE-A06F-439CA8EF321B}"
EndProject
Project("{9A19103F-16F7-4668-BE54-9A1E7A4F7556}") = "WebAPI.IntegrationTests", "tests\WebAPI.IntegrationTests\WebAPI.IntegrationTests.csproj", "{04971966-22A5-4962-B33A-880C0B0ADB99}"
EndProject
Global
	GlobalSection(SolutionConfigurationPlatforms) = preSolution
		Debug|Any CPU = Debug|Any CPU
		Release|Any CPU = Release|Any CPU
	EndGlobalSection
	GlobalSection(ProjectConfigurationPlatforms) = postSolution
		{7E296C3D-D908-4746-822E-FD1F494FF634}.Debug|Any CPU.ActiveCfg = Debug|Any CPU
		{7E296C3D-D908-4746-822E-FD1F494FF634}.Debug|Any CPU.Build.0 = Debug|Any CPU
		{7E296C3D-D908-4746-822E-FD1F494FF634}.Release|Any CPU.ActiveCfg = Release|Any CPU
		{7E296C3D-D908-4746-822E-FD1F494FF634}.Release|Any CPU.Build.0 = Release|Any CPU
		{07D26AE1-8FC1-4C76-A602-1AF414A069C4}.Debug|Any CPU.ActiveCfg = Debug|Any CPU
		{07D26AE1-8FC1-4C76-A602-1AF414A069C4}.Debug|Any CPU.Build.0 = Debug|Any CPU
		{07D26AE1-8FC1-4C76-A602-1AF414A069C4}.Release|Any CPU.ActiveCfg = Release|Any CPU
		{07D26AE1-8FC1-4C76-A602-1AF414A069C4}.Release|Any CPU.Build.0 = Release|Any CPU
		{4AA29B7E-5960-4D63-92E7-EF0018FF1D02}.Debug|Any CPU.ActiveCfg = Debug|Any CPU
		{4AA29B7E-5960-4D63-92E7-EF0018FF1D02}.Debug|Any CPU.Build.0 = Debug|Any CPU
		{4AA29B7E-5960-4D63-92E7-EF0018FF1D02}.Release|Any CPU.ActiveCfg = Release|Any CPU
		{4AA29B7E-5960-4D63-92E7-EF0018FF1D02}.Release|Any CPU.Build.0 = Release|Any CPU
		{D31E34C8-99FC-470F-807D-D7EE4AB5E014}.Debug|Any CPU.ActiveCfg = Debug|Any CPU
		{D31E34C8-99FC-470F-807D-D7EE4AB5E014}.Debug|Any CPU.Build.0 = Debug|Any CPU
		{D31E34C8-99FC-470F-807D-D7EE4AB5E014}.Release|Any CPU.ActiveCfg = Release|Any CPU
		{D31E34C8-99FC-470F-807D-D7EE4AB5E014}.Release|Any CPU.Build.0 = Release|Any CPU
		{F85F2413-9D62-425B-AAA8-E6A7E4626DE7}.Debug|Any CPU.ActiveCfg = Debug|Any CPU
		{F85F2413-9D62-425B-AAA8-E6A7E4626DE7}.Debug|Any CPU.Build.0 = Debug|Any CPU
		{F85F2413-9D62-425B-AAA8-E6A7E4626DE7}.Release|Any CPU.ActiveCfg = Release|Any CPU
		{F85F2413-9D62-425B-AAA8-E6A7E4626DE7}.Release|Any CPU.Build.0 = Release|Any CPU
		{C810CCE0-98E5-435A-BC60-17725D3D562B}.Debug|Any CPU.ActiveCfg = Debug|Any CPU
		{C810CCE0-98E5-435A-BC60-17725D3D562B}.Debug|Any CPU.Build.0 = Debug|Any CPU
		{C810CCE0-98E5-435A-BC60-17725D3D562B}.Release|Any CPU.ActiveCfg = Release|Any CPU
		{C810CCE0-98E5-435A-BC60-17725D3D562B}.Release|Any CPU.Build.0 = Release|Any CPU
		{8B3A8EFD-86C3-46BE-A06F-439CA8EF321B}.Debug|Any CPU.ActiveCfg = Debug|Any CPU
		{8B3A8EFD-86C3-46BE-A06F-439CA8EF321B}.Debug|Any CPU.Build.0 = Debug|Any CPU
		{8B3A8EFD-86C3-46BE-A06F-439CA8EF321B}.Release|Any CPU.ActiveCfg = Release|Any CPU
		{8B3A8EFD-86C3-46BE-A06F-439CA8EF321B}.Release|Any CPU.Build.0 = Release|Any CPU
		{04971966-22A5-4962-B33A-880C0B0ADB99}.Debug|Any CPU.ActiveCfg = Debug|Any CPU
		{04971966-22A5-4962-B33A-880C0B0ADB99}.Debug|Any CPU.Build.0 = Debug|Any CPU
		{04971966-22A5-4962-B33A-880C0B0ADB99}.Release|Any CPU.ActiveCfg = Release|Any CPU
		{04971966-22A5-4962-B33A-880C0B0ADB99}.Release|Any CPU.Build.0 = Release|Any CPU
	EndGlobalSection
	GlobalSection(SolutionProperties) = preSolution
		HideSolutionNode = FALSE
	EndGlobalSection
	GlobalSection(NestedProjects) = preSolution
		{F9B18A6F-7339-4409-9F4D-11DD7C392E99} = {726C9CDD-3E34-4F03-855D-2F22463D44C4}
		{11592D7A-8231-4A5C-9174-635A4BF6D7AB} = {726C9CDD-3E34-4F03-855D-2F22463D44C4}
		{63F7FAE8-D65A-496A-9F32-CCCA9FBB8841} = {726C9CDD-3E34-4F03-855D-2F22463D44C4}
		{7E296C3D-D908-4746-822E-FD1F494FF634} = {63F7FAE8-D65A-496A-9F32-CCCA9FBB8841}
		{07D26AE1-8FC1-4C76-A602-1AF414A069C4} = {11592D7A-8231-4A5C-9174-635A4BF6D7AB}
		{4AA29B7E-5960-4D63-92E7-EF0018FF1D02} = {F9B18A6F-7339-4409-9F4D-11DD7C392E99}
		{D31E34C8-99FC-470F-807D-D7EE4AB5E014} = {F9B18A6F-7339-4409-9F4D-11DD7C392E99}
		{F85F2413-9D62-425B-AAA8-E6A7E4626DE7} = {F9B18A6F-7339-4409-9F4D-11DD7C392E99}
		{C810CCE0-98E5-435A-BC60-17725D3D562B} = {64BC9955-71E0-45E7-A67B-0AEAE6C348BA}
		{8B3A8EFD-86C3-46BE-A06F-439CA8EF321B} = {64BC9955-71E0-45E7-A67B-0AEAE6C348BA}
		{04971966-22A5-4962-B33A-880C0B0ADB99} = {64BC9955-71E0-45E7-A67B-0AEAE6C348BA}
	EndGlobalSection
	GlobalSection(ExtensibilityGlobals) = postSolution
		SolutionGuid = {D5F97A46-965A-42F5-BE7E-BC247D601BFA}
	EndGlobalSection
EndGlobal
